
Microsoft Visual Studio Solution File, Format Version 12.00
# Visual Studio Version 17
VisualStudioVersion = 17.4.33403.182
MinimumVisualStudioVersion = 10.0.40219.1
Project("{FAE04EC0-301F-11D3-BF4B-00C04F79EFBC}") = "SignalRChat", "SignalRChat\SignalRChat.csproj", "{612EA473-B10A-4CEE-93DB-10F7810D9912}"
EndProject
Global
	GlobalSection(SolutionConfigurationPlatforms) = preSolution
		Debug|Any CPU = Debug|Any CPU
		Release|Any CPU = Release|Any CPU
	EndGlobalSection
	GlobalSection(ProjectConfigurationPlatforms) = postSolution
		{612EA473-B10A-4CEE-93DB-10F7810D9912}.Debug|Any CPU.ActiveCfg = Debug|Any CPU
		{612EA473-B10A-4CEE-93DB-10F7810D9912}.Debug|Any CPU.Build.0 = Debug|Any CPU
		{612EA473-B10A-4CEE-93DB-10F7810D9912}.Release|Any CPU.ActiveCfg = Release|Any CPU
		{612EA473-B10A-4CEE-93DB-10F7810D9912}.Release|Any CPU.Build.0 = Release|Any CPU
	EndGlobalSection
	GlobalSection(SolutionProperties) = preSolution
		HideSolutionNode = FALSE
	EndGlobalSection
	GlobalSection(ExtensibilityGlobals) = postSolution
		SolutionGuid = {770B6834-AD8D-4104-9B7A-F24893006174}
	EndGlobalSection
EndGlobal
